<?xml version="1.0" encoding="utf-8"?>
<Project ToolsVersion="4.0" xmlns="http://schemas.microsoft.com/developer/msbuild/2003">
  <ItemGroup>
    <Filter Include="Source Files">
      <UniqueIdentifier>{4FC737F1-C7A5-4376-A066-2A32D752A2FF}</UniqueIdentifier>
      <Extensions>cpp;c;cc;cxx;c++;cppm;ixx;def;odl;idl;hpj;bat;asm;asmx</Extensions>
    </Filter>
    <Filter Include="Header Files">
      <UniqueIdentifier>{93995380-89BD-4b04-88EB-625FBE52EBFB}</UniqueIdentifier>
      <Extensions>h;hh;hpp;hxx;h++;hm;inl;inc;ipp;xsd</Extensions>
    </Filter>
    <Filter Include="Resource Files">
      <UniqueIdentifier>{67DA6AB6-F800-4c08-8B7A-83BB121AAD01}</UniqueIdentifier>
      <Extensions>rc;ico;cur;bmp;dlg;rc2;rct;bin;rgs;gif;jpg;jpeg;jpe;resx;tiff;tif;png;wav;mfcribbon-ms</Extensions>
    </Filter>
    <Filter Include="Header Files\StateMachine">
      <UniqueIdentifier>{2fb6e068-c871-4f67-ad6e-89cd9ac5f717}</UniqueIdentifier>
    </Filter>
    <Filter Include="Source Files\StateMachine">
      <UniqueIdentifier>{b626b457-298d-478c-bd72-3503aaf2ca79}</UniqueIdentifier>
    </Filter>
    <Filter Include="Source Files\Pathfinding">
      <UniqueIdentifier>{36876f8e-1ac5-4667-97d6-715b88172ab2}</UniqueIdentifier>
    </Filter>
    <Filter Include="Header Files\Pathfinding">
      <UniqueIdentifier>{21fcf0d2-4b55-4a68-b5f1-8c2a627458d0}</UniqueIdentifier>
    </Filter>
    <Filter Include="Header Files\BehaviourTree">
      <UniqueIdentifier>{ea1c3197-9fe3-4fe4-91b8-203fa5e593f4}</UniqueIdentifier>
    </Filter>
    <Filter Include="Source Files\BehaviourTree">
      <UniqueIdentifier>{6dc02ca5-ad03-4c21-85a7-128688b7d08a}</UniqueIdentifier>
    </Filter>
    <Filter Include="Header Files\BehaviourTree\TreeBehaviours">
      <UniqueIdentifier>{3fa8f6b5-d3fa-4f9e-882f-93bba7d8d2c7}</UniqueIdentifier>
    </Filter>
    <Filter Include="Source Files\BehaviourTree\TreeBehaviours">
      <UniqueIdentifier>{e2cca5dc-e073-4e4b-bab6-402b852e9dc4}</UniqueIdentifier>
    </Filter>
    <Filter Include="Source Files\BehaviourTree\TreeConditions">
      <UniqueIdentifier>{2ba63650-d290-4524-ac46-4d2944f4bd02}</UniqueIdentifier>
    </Filter>
    <Filter Include="Header Files\StateMachine\Behaviours">
      <UniqueIdentifier>{9ab2455e-52bb-49a3-acab-6b3534d02675}</UniqueIdentifier>
    </Filter>
    <Filter Include="Source Files\StateMachine\Behaviours">
      <UniqueIdentifier>{e3201a7c-77eb-4124-996c-8759afe2545a}</UniqueIdentifier>
    </Filter>
    <Filter Include="Header Files\BehaviourTree\TreeConditions">
      <UniqueIdentifier>{47949388-e37c-4453-8dd5-c8b5b156d7c0}</UniqueIdentifier>
    </Filter>
    <Filter Include="Source Files\StateMachine\Conditions">
      <UniqueIdentifier>{fbbcf519-117a-450d-8511-cdfd79cc23ce}</UniqueIdentifier>
    </Filter>
    <Filter Include="Header Files\StateMachine\Conditions">
      <UniqueIdentifier>{59d1ff0f-c300-45b9-9f81-3392999ab33d}</UniqueIdentifier>
    </Filter>
    <Filter Include="Header Files\BehaviourTree\TreeBehaviours\Actions">
      <UniqueIdentifier>{71949bea-26ea-4431-81ac-f7f3302ec59f}</UniqueIdentifier>
    </Filter>
  </ItemGroup>
  <ItemGroup>
    <ClCompile Include="main.cpp">
      <Filter>Source Files</Filter>
    </ClCompile>
    <ClCompile Include="FollowBehaviour.cpp">
      <Filter>Source Files\StateMachine\Behaviours</Filter>
    </ClCompile>
    <ClCompile Include="GotoPointBehaviour.cpp">
      <Filter>Source Files\StateMachine\Behaviours</Filter>
    </ClCompile>
    <ClCompile Include="RunAwayBehaviour.cpp">
      <Filter>Source Files\StateMachine\Behaviours</Filter>
    </ClCompile>
    <ClCompile Include="SelectorBehaviour.cpp">
      <Filter>Source Files\StateMachine\Behaviours</Filter>
    </ClCompile>
    <ClCompile Include="ThinkingBehaviour.cpp">
      <Filter>Source Files\StateMachine\Behaviours</Filter>
    </ClCompile>
    <ClCompile Include="WanderBehaviour.cpp">
      <Filter>Source Files\StateMachine\Behaviours</Filter>
    </ClCompile>
    <ClCompile Include="FiniteStateMachine.cpp">
      <Filter>Source Files\StateMachine</Filter>
    </ClCompile>
    <ClCompile Include="State.cpp">
      <Filter>Source Files\StateMachine</Filter>
    </ClCompile>
    <ClCompile Include="Agent.cpp">
      <Filter>Source Files\Pathfinding</Filter>
    </ClCompile>
    <ClCompile Include="Node.cpp">
      <Filter>Source Files\Pathfinding</Filter>
    </ClCompile>
    <ClCompile Include="NodeMap.cpp">
      <Filter>Source Files\Pathfinding</Filter>
    </ClCompile>
    <ClCompile Include="PathAgent.cpp">
      <Filter>Source Files\Pathfinding</Filter>
    </ClCompile>
    <ClCompile Include="Pathfinding.cpp">
      <Filter>Source Files\Pathfinding</Filter>
    </ClCompile>
    <ClCompile Include="Sequence.cpp">
      <Filter>Source Files\BehaviourTree</Filter>
    </ClCompile>
    <ClCompile Include="Selector.cpp">
      <Filter>Source Files\BehaviourTree</Filter>
    </ClCompile>
    <ClCompile Include="TreeFollowBehaviour.cpp">
      <Filter>Source Files\BehaviourTree\TreeBehaviours</Filter>
    </ClCompile>
    <ClCompile Include="TreeThinkingBehaviour.cpp">
      <Filter>Source Files\BehaviourTree\TreeBehaviours</Filter>
    </ClCompile>
    <ClCompile Include="TreeWanderBehaviour.cpp">
      <Filter>Source Files\BehaviourTree\TreeBehaviours</Filter>
    </ClCompile>
    <ClCompile Include="TreeDistanceCondition.cpp">
      <Filter>Source Files\BehaviourTree\TreeConditions</Filter>
    </ClCompile>
    <ClCompile Include="TreeTimerCondition.cpp">
      <Filter>Source Files\BehaviourTree\TreeConditions</Filter>
    </ClCompile>
    <ClCompile Include="DistanceCondition.cpp">
      <Filter>Source Files\StateMachine\Conditions</Filter>
    </ClCompile>
    <ClCompile Include="TimerCondition.cpp">
      <Filter>Source Files\StateMachine\Conditions</Filter>
    </ClCompile>
  </ItemGroup>
  <ItemGroup>
    <None Include="packages.config" />
  </ItemGroup>
  <ItemGroup>
    <ClInclude Include="RunAwayBehaviour.h">
      <Filter>Header Files\StateMachine\Behaviours</Filter>
    </ClInclude>
    <ClInclude Include="SelectorBehaviour.h">
      <Filter>Header Files\StateMachine\Behaviours</Filter>
    </ClInclude>
    <ClInclude Include="ThinkingBehaviour.h">
      <Filter>Header Files\StateMachine\Behaviours</Filter>
    </ClInclude>
    <ClInclude Include="WanderBehaviour.h">
      <Filter>Header Files\StateMachine\Behaviours</Filter>
    </ClInclude>
    <ClInclude Include="GotoPointBehaviour.h">
      <Filter>Header Files\StateMachine\Behaviours</Filter>
    </ClInclude>
    <ClInclude Include="FollowBehaviour.h">
      <Filter>Header Files\StateMachine\Behaviours</Filter>
    </ClInclude>
    <ClInclude Include="Behaviour.h">
      <Filter>Header Files\StateMachine\Behaviours</Filter>
    </ClInclude>
    <ClInclude Include="FiniteStateMachine.h">
      <Filter>Header Files\StateMachine</Filter>
    </ClInclude>
    <ClInclude Include="State.h">
      <Filter>Header Files\StateMachine</Filter>
    </ClInclude>
    <ClInclude Include="Agent.h">
      <Filter>Header Files\Pathfinding</Filter>
    </ClInclude>
    <ClInclude Include="Edge.h">
      <Filter>Header Files\Pathfinding</Filter>
    </ClInclude>
    <ClInclude Include="Node.h">
      <Filter>Header Files\Pathfinding</Filter>
    </ClInclude>
    <ClInclude Include="NodeMap.h">
      <Filter>Header Files\Pathfinding</Filter>
    </ClInclude>
    <ClInclude Include="PathAgent.h">
      <Filter>Header Files\Pathfinding</Filter>
    </ClInclude>
    <ClInclude Include="Pathfinding.h">
      <Filter>Header Files\Pathfinding</Filter>
    </ClInclude>
    <ClInclude Include="Composite.h">
      <Filter>Header Files\BehaviourTree</Filter>
    </ClInclude>
    <ClInclude Include="Sequence.h">
      <Filter>Header Files\BehaviourTree</Filter>
    </ClInclude>
    <ClInclude Include="Selector.h">
      <Filter>Header Files\BehaviourTree</Filter>
    </ClInclude>
    <ClInclude Include="TreeFollowBehaviour.h">
      <Filter>Header Files\BehaviourTree\TreeBehaviours</Filter>
    </ClInclude>
    <ClInclude Include="TreeThinkingBehaviour.h">
      <Filter>Header Files\BehaviourTree\TreeBehaviours</Filter>
    </ClInclude>
    <ClInclude Include="TreeWanderBehaviour.h">
      <Filter>Header Files\BehaviourTree\TreeBehaviours</Filter>
    </ClInclude>
    <ClInclude Include="TreeBehaviour.h">
      <Filter>Header Files\BehaviourTree\TreeBehaviours</Filter>
    </ClInclude>
    <ClInclude Include="TreeDistanceCondition.h">
      <Filter>Header Files\BehaviourTree\TreeConditions</Filter>
    </ClInclude>
    <ClInclude Include="TreeTimerCondition.h">
      <Filter>Header Files\BehaviourTree\TreeConditions</Filter>
    </ClInclude>
    <ClInclude Include="Condition.h">
      <Filter>Header Files\StateMachine\Conditions</Filter>
    </ClInclude>
    <ClInclude Include="DistanceCondition.h">
      <Filter>Header Files\StateMachine\Conditions</Filter>
    </ClInclude>
    <ClInclude Include="TimerCondition.h">
      <Filter>Header Files\StateMachine\Conditions</Filter>
    </ClInclude>
    <ClInclude Include="Adaptor.h">
      <Filter>Header Files\BehaviourTree</Filter>
    </ClInclude>
    <ClInclude Include="TimeStart.h">
      <Filter>Header Files\BehaviourTree\TreeBehaviours\Actions</Filter>
    </ClInclude>
    <ClInclude Include="TimeStop.h">
      <Filter>Header Files\BehaviourTree\TreeBehaviours\Actions</Filter>
    </ClInclude>
  </ItemGroup>
</Project>